// !$*UTF8*$!
{
	archiveVersion = 1;
	classes = {
	};
	objectVersion = 54;
	objects = {

/* Begin PBXBuildFile section */
		0C80B921A6F3F58F76C31292 /* libPods-CCLCuriosity.a in Frameworks */ = {isa = PBXBuildFile; fileRef = 5DCACB8F33CDC322A6C60F78 /* libPods-CCLCuriosity.a */; };
		13B07FBF1A68108700A75B9A /* Images.xcassets in Resources */ = {isa = PBXBuildFile; fileRef = 13B07FB51A68108700A75B9A /* Images.xcassets */; };
		761780ED2CA45674006654EE /* AppDelegate.swift in Sources */ = {isa = PBXBuildFile; fileRef = 761780EC2CA45674006654EE /* AppDelegate.swift */; };
		81AB9BB82411601600AC10FF /* LaunchScreen.storyboard in Resources */ = {isa = PBXBuildFile; fileRef = 81AB9BB72411601600AC10FF /* LaunchScreen.storyboard */; };
		8850D53C405F4F57B7D0100B /* Quicksand-Bold.ttf in Resources */ = {isa = PBXBuildFile; fileRef = A89CFE5B2B3249EB92467A45 /* Quicksand-Bold.ttf */; };
		04922487733F41019BDEDD54 /* Quicksand-Light.ttf in Resources */ = {isa = PBXBuildFile; fileRef = 223A7B460F8E47F7B7E03504 /* Quicksand-Light.ttf */; };
		3FF47B51C3A043CE95FB81B7 /* Quicksand-Medium.ttf in Resources */ = {isa = PBXBuildFile; fileRef = 0DC336296140486DBC5E9D45 /* Quicksand-Medium.ttf */; };
		BC89DBBDA2FC48B980930856 /* Quicksand-Regular.ttf in Resources */ = {isa = PBXBuildFile; fileRef = CB8F9F4E9CEC4E9D9A376431 /* Quicksand-Regular.ttf */; };
		F52A2D02F1804728AC7CEF2D /* Quicksand-SemiBold.ttf in Resources */ = {isa = PBXBuildFile; fileRef = 7B81FC900C6D4B09AA0E38D7 /* Quicksand-SemiBold.ttf */; };
		BDD1DB0FB6804FF6B24CD022 /* NotoSansDevanagari-Black.ttf in Resources */ = {isa = PBXBuildFile; fileRef = DD296FBB99E54E2FA285C582 /* NotoSansDevanagari-Black.ttf */; };
		B1B58A8843A546F38EC8C43D /* NotoSansDevanagari-Bold.ttf in Resources */ = {isa = PBXBuildFile; fileRef = 3BEBCC80449247ECB53BE9CF /* NotoSansDevanagari-Bold.ttf */; };
		400AC55A37AF4931A6A9102C /* NotoSansDevanagari-ExtraBold.ttf in Resources */ = {isa = PBXBuildFile; fileRef = D3366579879844F496A563F9 /* NotoSansDevanagari-ExtraBold.ttf */; };
		12E0D7BD91254089823F7477 /* NotoSansDevanagari-ExtraLight.ttf in Resources */ = {isa = PBXBuildFile; fileRef = 0075A1EC6A384C1E9A7FEDBD /* NotoSansDevanagari-ExtraLight.ttf */; };
		56F8890E28134EFB8D63520D /* NotoSansDevanagari-Light.ttf in Resources */ = {isa = PBXBuildFile; fileRef = 6B76507C0FB844C0A48CDDFA /* NotoSansDevanagari-Light.ttf */; };
		22441F103B104334BCB15992 /* NotoSansDevanagari-Medium.ttf in Resources */ = {isa = PBXBuildFile; fileRef = 2746387326344BB1ABC205C8 /* NotoSansDevanagari-Medium.ttf */; };
		F86379E65BDA498298965831 /* NotoSansDevanagari-Regular.ttf in Resources */ = {isa = PBXBuildFile; fileRef = 2E8AA78A5CF9461DB137E760 /* NotoSansDevanagari-Regular.ttf */; };
		23B3002B402540E8B6134B0E /* NotoSansDevanagari-SemiBold.ttf in Resources */ = {isa = PBXBuildFile; fileRef = 255DDD7B4E874206A25C64C3 /* NotoSansDevanagari-SemiBold.ttf */; };
		1028EE18565F4D4BA4DC86E3 /* NotoSansDevanagari-Thin.ttf in Resources */ = {isa = PBXBuildFile; fileRef = 7C05B018E37842A69E37FD37 /* NotoSansDevanagari-Thin.ttf */; };
		3D8EEB18FE764862B73461E0 /* NotoSansDevanagari_Condensed-Black.ttf in Resources */ = {isa = PBXBuildFile; fileRef = 828F28300F9E49C68EFA7844 /* NotoSansDevanagari_Condensed-Black.ttf */; };
		2E03FE199C1A4EFB8D546C42 /* NotoSansDevanagari_Condensed-Bold.ttf in Resources */ = {isa = PBXBuildFile; fileRef = 4298F2301CF042798D69F6A5 /* NotoSansDevanagari_Condensed-Bold.ttf */; };
		FAB4EB16C82D422BA9148C03 /* NotoSansDevanagari_Condensed-ExtraBold.ttf in Resources */ = {isa = PBXBuildFile; fileRef = F17398A0A59C43BC9249D39E /* NotoSansDevanagari_Condensed-ExtraBold.ttf */; };
		C235495B814C4282905F9995 /* NotoSansDevanagari_Condensed-ExtraLight.ttf in Resources */ = {isa = PBXBuildFile; fileRef = AA126136076A438BB18953FF /* NotoSansDevanagari_Condensed-ExtraLight.ttf */; };
		13EBBBA4B0E24F668B4EC62C /* NotoSansDevanagari_Condensed-Light.ttf in Resources */ = {isa = PBXBuildFile; fileRef = BEA82DC47746424BB8654714 /* NotoSansDevanagari_Condensed-Light.ttf */; };
		75C3A10E346C4A909CD49BCE /* NotoSansDevanagari_Condensed-Medium.ttf in Resources */ = {isa = PBXBuildFile; fileRef = 29D8576E071948639C22C5F7 /* NotoSansDevanagari_Condensed-Medium.ttf */; };
		83E92C650CEA4EBDBF649351 /* NotoSansDevanagari_Condensed-Regular.ttf in Resources */ = {isa = PBXBuildFile; fileRef = F20F6E7EFB624F38B14A721B /* NotoSansDevanagari_Condensed-Regular.ttf */; };
		804B2452C90B4176B5622740 /* NotoSansDevanagari_Condensed-SemiBold.ttf in Resources */ = {isa = PBXBuildFile; fileRef = D826524DDE85448A95CF241D /* NotoSansDevanagari_Condensed-SemiBold.ttf */; };
		913CE553B6634462BADC055A /* NotoSansDevanagari_Condensed-Thin.ttf in Resources */ = {isa = PBXBuildFile; fileRef = DD7462BF5A224F65A4FC5094 /* NotoSansDevanagari_Condensed-Thin.ttf */; };
		69C6EDAD8FF54408A1298CF3 /* NotoSansDevanagari_ExtraCondensed-Black.ttf in Resources */ = {isa = PBXBuildFile; fileRef = 39D202BF22994A56B0BBD908 /* NotoSansDevanagari_ExtraCondensed-Black.ttf */; };
		FDCC8692AE504E5F8444390E /* NotoSansDevanagari_ExtraCondensed-Bold.ttf in Resources */ = {isa = PBXBuildFile; fileRef = 6027F3469C63470990A86A31 /* NotoSansDevanagari_ExtraCondensed-Bold.ttf */; };
		A54A5F1A5987432ABDB295E7 /* NotoSansDevanagari_ExtraCondensed-ExtraBold.ttf in Resources */ = {isa = PBXBuildFile; fileRef = 77A21A7D06C244BDB1BCCF16 /* NotoSansDevanagari_ExtraCondensed-ExtraBold.ttf */; };
		DC479FCEFFCB432F9EEDA8AF /* NotoSansDevanagari_ExtraCondensed-ExtraLight.ttf in Resources */ = {isa = PBXBuildFile; fileRef = 606B1569F0274F0EB87522F6 /* NotoSansDevanagari_ExtraCondensed-ExtraLight.ttf */; };
		974FD8F389234BD69DC9BC32 /* NotoSansDevanagari_ExtraCondensed-Light.ttf in Resources */ = {isa = PBXBuildFile; fileRef = C5AC90CD4B604AA6B7E6E976 /* NotoSansDevanagari_ExtraCondensed-Light.ttf */; };
		A89D692D47684091A734BD88 /* NotoSansDevanagari_ExtraCondensed-Medium.ttf in Resources */ = {isa = PBXBuildFile; fileRef = 1F71CAD722344EF2A5BEEA4C /* NotoSansDevanagari_ExtraCondensed-Medium.ttf */; };
		F91372428CC644739473CE2A /* NotoSansDevanagari_ExtraCondensed-Regular.ttf in Resources */ = {isa = PBXBuildFile; fileRef = B50F775C7796465497025275 /* NotoSansDevanagari_ExtraCondensed-Regular.ttf */; };
		133541427B6341DCAC1BAFA1 /* NotoSansDevanagari_ExtraCondensed-SemiBold.ttf in Resources */ = {isa = PBXBuildFile; fileRef = 383D8546970C465EB3BBF369 /* NotoSansDevanagari_ExtraCondensed-SemiBold.ttf */; };
		D45C73B74A804CB7A31D771C /* NotoSansDevanagari_ExtraCondensed-Thin.ttf in Resources */ = {isa = PBXBuildFile; fileRef = CB3A4897255A41589A797863 /* NotoSansDevanagari_ExtraCondensed-Thin.ttf */; };
		D49D6FE1E9E54C62BCCCDA02 /* NotoSansDevanagari_SemiCondensed-Black.ttf in Resources */ = {isa = PBXBuildFile; fileRef = D7668D2BDADE438186863E1D /* NotoSansDevanagari_SemiCondensed-Black.ttf */; };
		2B977EA251F84C23A3CADD65 /* NotoSansDevanagari_SemiCondensed-Bold.ttf in Resources */ = {isa = PBXBuildFile; fileRef = 9CDDD4B727DF431381471962 /* NotoSansDevanagari_SemiCondensed-Bold.ttf */; };
		EA9189CE885841A2BABA23BB /* NotoSansDevanagari_SemiCondensed-ExtraBold.ttf in Resources */ = {isa = PBXBuildFile; fileRef = 53FF23061A4949FEBF2E3491 /* NotoSansDevanagari_SemiCondensed-ExtraBold.ttf */; };
		A0EB315D5383405EBFA9A5A0 /* NotoSansDevanagari_SemiCondensed-ExtraLight.ttf in Resources */ = {isa = PBXBuildFile; fileRef = F7F707228AE141949A0EF688 /* NotoSansDevanagari_SemiCondensed-ExtraLight.ttf */; };
		C7609852343443F398824F2B /* NotoSansDevanagari_SemiCondensed-Light.ttf in Resources */ = {isa = PBXBuildFile; fileRef = 993FD276DD834320A82EA61D /* NotoSansDevanagari_SemiCondensed-Light.ttf */; };
		074EBC7BBFD0413BA72441DB /* NotoSansDevanagari_SemiCondensed-Medium.ttf in Resources */ = {isa = PBXBuildFile; fileRef = 41451594616846AE98C0A2F0 /* NotoSansDevanagari_SemiCondensed-Medium.ttf */; };
		A87C153566EF45B8996BC1C4 /* NotoSansDevanagari_SemiCondensed-Regular.ttf in Resources */ = {isa = PBXBuildFile; fileRef = 207094DEEA014FA083677E19 /* NotoSansDevanagari_SemiCondensed-Regular.ttf */; };
		1F41ECCFE9C14674BF6AC8D7 /* NotoSansDevanagari_SemiCondensed-SemiBold.ttf in Resources */ = {isa = PBXBuildFile; fileRef = 9C8DEE5E0AA043A79788F758 /* NotoSansDevanagari_SemiCondensed-SemiBold.ttf */; };
		365E998E8CA647D8AE567E0B /* NotoSansDevanagari_SemiCondensed-Thin.ttf in Resources */ = {isa = PBXBuildFile; fileRef = 9B0D2A56D18C4D1DB62F4E1D /* NotoSansDevanagari_SemiCondensed-Thin.ttf */; };
/* End PBXBuildFile section */

/* Begin PBXFileReference section */
		13B07F961A680F5B00A75B9A /* CCLCuriosity.app */ = {isa = PBXFileReference; explicitFileType = wrapper.application; includeInIndex = 0; path = "CCLCuriosity.app"; sourceTree = BUILT_PRODUCTS_DIR; };
		13B07FB51A68108700A75B9A /* Images.xcassets */ = {isa = PBXFileReference; lastKnownFileType = folder.assetcatalog; name = Images.xcassets; path = "CCLCuriosity/Images.xcassets"; sourceTree = "<group>"; };
		13B07FB61A68108700A75B9A /* Info.plist */ = {isa = PBXFileReference; fileEncoding = 4; lastKnownFileType = text.plist.xml; name = Info.plist; path = "CCLCuriosity/Info.plist"; sourceTree = "<group>"; };
		13B07FB81A68108700A75B9A /* PrivacyInfo.xcprivacy */ = {isa = PBXFileReference; fileEncoding = 4; lastKnownFileType = text.plist.xml; name = PrivacyInfo.xcprivacy; path = CCLCuriosity/PrivacyInfo.xcprivacy; sourceTree = "<group>"; };
		3B4392A12AC88292D35C810B /* Pods-CCLCuriosity.debug.xcconfig */ = {isa = PBXFileReference; includeInIndex = 1; lastKnownFileType = text.xcconfig; name = "Pods-CCLCuriosity.debug.xcconfig"; path = "Target Support Files/Pods-CCLCuriosity/Pods-CCLCuriosity.debug.xcconfig"; sourceTree = "<group>"; };
		5709B34CF0A7D63546082F79 /* Pods-CCLCuriosity.release.xcconfig */ = {isa = PBXFileReference; includeInIndex = 1; lastKnownFileType = text.xcconfig; name = "Pods-CCLCuriosity.release.xcconfig"; path = "Target Support Files/Pods-CCLCuriosity/Pods-CCLCuriosity.release.xcconfig"; sourceTree = "<group>"; };
		5DCACB8F33CDC322A6C60F78 /* libPods-CCLCuriosity.a */ = {isa = PBXFileReference; explicitFileType = archive.ar; includeInIndex = 0; path = "libPods-CCLCuriosity.a"; sourceTree = BUILT_PRODUCTS_DIR; };
		761780EC2CA45674006654EE /* AppDelegate.swift */ = {isa = PBXFileReference; lastKnownFileType = sourcecode.swift; name = AppDelegate.swift; path = CCLCuriosity/AppDelegate.swift; sourceTree = "<group>"; };
		81AB9BB72411601600AC10FF /* LaunchScreen.storyboard */ = {isa = PBXFileReference; fileEncoding = 4; lastKnownFileType = file.storyboard; name = LaunchScreen.storyboard; path = "CCLCuriosity/LaunchScreen.storyboard"; sourceTree = "<group>"; };
		ED297162215061F000B7C4FE /* JavaScriptCore.framework */ = {isa = PBXFileReference; lastKnownFileType = wrapper.framework; name = JavaScriptCore.framework; path = System/Library/Frameworks/JavaScriptCore.framework; sourceTree = SDKROOT; };
		A89CFE5B2B3249EB92467A45 /* Quicksand-Bold.ttf */ = {isa = PBXFileReference; name = "Quicksand-Bold.ttf"; path = "../src/assets/fonts/Quicksand-Bold.ttf"; sourceTree = "<group>"; fileEncoding = undefined; lastKnownFileType = unknown; explicitFileType = undefined; includeInIndex = 0; };
		223A7B460F8E47F7B7E03504 /* Quicksand-Light.ttf */ = {isa = PBXFileReference; name = "Quicksand-Light.ttf"; path = "../src/assets/fonts/Quicksand-Light.ttf"; sourceTree = "<group>"; fileEncoding = undefined; lastKnownFileType = unknown; explicitFileType = undefined; includeInIndex = 0; };
		0DC336296140486DBC5E9D45 /* Quicksand-Medium.ttf */ = {isa = PBXFileReference; name = "Quicksand-Medium.ttf"; path = "../src/assets/fonts/Quicksand-Medium.ttf"; sourceTree = "<group>"; fileEncoding = undefined; lastKnownFileType = unknown; explicitFileType = undefined; includeInIndex = 0; };
		CB8F9F4E9CEC4E9D9A376431 /* Quicksand-Regular.ttf */ = {isa = PBXFileReference; name = "Quicksand-Regular.ttf"; path = "../src/assets/fonts/Quicksand-Regular.ttf"; sourceTree = "<group>"; fileEncoding = undefined; lastKnownFileType = unknown; explicitFileType = undefined; includeInIndex = 0; };
		7B81FC900C6D4B09AA0E38D7 /* Quicksand-SemiBold.ttf */ = {isa = PBXFileReference; name = "Quicksand-SemiBold.ttf"; path = "../src/assets/fonts/Quicksand-SemiBold.ttf"; sourceTree = "<group>"; fileEncoding = undefined; lastKnownFileType = unknown; explicitFileType = undefined; includeInIndex = 0; };
		DD296FBB99E54E2FA285C582 /* NotoSansDevanagari-Black.ttf */ = {isa = PBXFileReference; name = "NotoSansDevanagari-Black.ttf"; path = "../src/assets/fonts/NotoSansDevanagari-Black.ttf"; sourceTree = "<group>"; fileEncoding = undefined; lastKnownFileType = unknown; explicitFileType = undefined; includeInIndex = 0; };
		3BEBCC80449247ECB53BE9CF /* NotoSansDevanagari-Bold.ttf */ = {isa = PBXFileReference; name = "NotoSansDevanagari-Bold.ttf"; path = "../src/assets/fonts/NotoSansDevanagari-Bold.ttf"; sourceTree = "<group>"; fileEncoding = undefined; lastKnownFileType = unknown; explicitFileType = undefined; includeInIndex = 0; };
		D3366579879844F496A563F9 /* NotoSansDevanagari-ExtraBold.ttf */ = {isa = PBXFileReference; name = "NotoSansDevanagari-ExtraBold.ttf"; path = "../src/assets/fonts/NotoSansDevanagari-ExtraBold.ttf"; sourceTree = "<group>"; fileEncoding = undefined; lastKnownFileType = unknown; explicitFileType = undefined; includeInIndex = 0; };
		0075A1EC6A384C1E9A7FEDBD /* NotoSansDevanagari-ExtraLight.ttf */ = {isa = PBXFileReference; name = "NotoSansDevanagari-ExtraLight.ttf"; path = "../src/assets/fonts/NotoSansDevanagari-ExtraLight.ttf"; sourceTree = "<group>"; fileEncoding = undefined; lastKnownFileType = unknown; explicitFileType = undefined; includeInIndex = 0; };
		6B76507C0FB844C0A48CDDFA /* NotoSansDevanagari-Light.ttf */ = {isa = PBXFileReference; name = "NotoSansDevanagari-Light.ttf"; path = "../src/assets/fonts/NotoSansDevanagari-Light.ttf"; sourceTree = "<group>"; fileEncoding = undefined; lastKnownFileType = unknown; explicitFileType = undefined; includeInIndex = 0; };
		2746387326344BB1ABC205C8 /* NotoSansDevanagari-Medium.ttf */ = {isa = PBXFileReference; name = "NotoSansDevanagari-Medium.ttf"; path = "../src/assets/fonts/NotoSansDevanagari-Medium.ttf"; sourceTree = "<group>"; fileEncoding = undefined; lastKnownFileType = unknown; explicitFileType = undefined; includeInIndex = 0; };
		2E8AA78A5CF9461DB137E760 /* NotoSansDevanagari-Regular.ttf */ = {isa = PBXFileReference; name = "NotoSansDevanagari-Regular.ttf"; path = "../src/assets/fonts/NotoSansDevanagari-Regular.ttf"; sourceTree = "<group>"; fileEncoding = undefined; lastKnownFileType = unknown; explicitFileType = undefined; includeInIndex = 0; };
		255DDD7B4E874206A25C64C3 /* NotoSansDevanagari-SemiBold.ttf */ = {isa = PBXFileReference; name = "NotoSansDevanagari-SemiBold.ttf"; path = "../src/assets/fonts/NotoSansDevanagari-SemiBold.ttf"; sourceTree = "<group>"; fileEncoding = undefined; lastKnownFileType = unknown; explicitFileType = undefined; includeInIndex = 0; };
		7C05B018E37842A69E37FD37 /* NotoSansDevanagari-Thin.ttf */ = {isa = PBXFileReference; name = "NotoSansDevanagari-Thin.ttf"; path = "../src/assets/fonts/NotoSansDevanagari-Thin.ttf"; sourceTree = "<group>"; fileEncoding = undefined; lastKnownFileType = unknown; explicitFileType = undefined; includeInIndex = 0; };
		828F28300F9E49C68EFA7844 /* NotoSansDevanagari_Condensed-Black.ttf */ = {isa = PBXFileReference; name = "NotoSansDevanagari_Condensed-Black.ttf"; path = "../src/assets/fonts/NotoSansDevanagari_Condensed-Black.ttf"; sourceTree = "<group>"; fileEncoding = undefined; lastKnownFileType = unknown; explicitFileType = undefined; includeInIndex = 0; };
		4298F2301CF042798D69F6A5 /* NotoSansDevanagari_Condensed-Bold.ttf */ = {isa = PBXFileReference; name = "NotoSansDevanagari_Condensed-Bold.ttf"; path = "../src/assets/fonts/NotoSansDevanagari_Condensed-Bold.ttf"; sourceTree = "<group>"; fileEncoding = undefined; lastKnownFileType = unknown; explicitFileType = undefined; includeInIndex = 0; };
		F17398A0A59C43BC9249D39E /* NotoSansDevanagari_Condensed-ExtraBold.ttf */ = {isa = PBXFileReference; name = "NotoSansDevanagari_Condensed-ExtraBold.ttf"; path = "../src/assets/fonts/NotoSansDevanagari_Condensed-ExtraBold.ttf"; sourceTree = "<group>"; fileEncoding = undefined; lastKnownFileType = unknown; explicitFileType = undefined; includeInIndex = 0; };
		AA126136076A438BB18953FF /* NotoSansDevanagari_Condensed-ExtraLight.ttf */ = {isa = PBXFileReference; name = "NotoSansDevanagari_Condensed-ExtraLight.ttf"; path = "../src/assets/fonts/NotoSansDevanagari_Condensed-ExtraLight.ttf"; sourceTree = "<group>"; fileEncoding = undefined; lastKnownFileType = unknown; explicitFileType = undefined; includeInIndex = 0; };
		BEA82DC47746424BB8654714 /* NotoSansDevanagari_Condensed-Light.ttf */ = {isa = PBXFileReference; name = "NotoSansDevanagari_Condensed-Light.ttf"; path = "../src/assets/fonts/NotoSansDevanagari_Condensed-Light.ttf"; sourceTree = "<group>"; fileEncoding = undefined; lastKnownFileType = unknown; explicitFileType = undefined; includeInIndex = 0; };
		29D8576E071948639C22C5F7 /* NotoSansDevanagari_Condensed-Medium.ttf */ = {isa = PBXFileReference; name = "NotoSansDevanagari_Condensed-Medium.ttf"; path = "../src/assets/fonts/NotoSansDevanagari_Condensed-Medium.ttf"; sourceTree = "<group>"; fileEncoding = undefined; lastKnownFileType = unknown; explicitFileType = undefined; includeInIndex = 0; };
		F20F6E7EFB624F38B14A721B /* NotoSansDevanagari_Condensed-Regular.ttf */ = {isa = PBXFileReference; name = "NotoSansDevanagari_Condensed-Regular.ttf"; path = "../src/assets/fonts/NotoSansDevanagari_Condensed-Regular.ttf"; sourceTree = "<group>"; fileEncoding = undefined; lastKnownFileType = unknown; explicitFileType = undefined; includeInIndex = 0; };
		D826524DDE85448A95CF241D /* NotoSansDevanagari_Condensed-SemiBold.ttf */ = {isa = PBXFileReference; name = "NotoSansDevanagari_Condensed-SemiBold.ttf"; path = "../src/assets/fonts/NotoSansDevanagari_Condensed-SemiBold.ttf"; sourceTree = "<group>"; fileEncoding = undefined; lastKnownFileType = unknown; explicitFileType = undefined; includeInIndex = 0; };
		DD7462BF5A224F65A4FC5094 /* NotoSansDevanagari_Condensed-Thin.ttf */ = {isa = PBXFileReference; name = "NotoSansDevanagari_Condensed-Thin.ttf"; path = "../src/assets/fonts/NotoSansDevanagari_Condensed-Thin.ttf"; sourceTree = "<group>"; fileEncoding = undefined; lastKnownFileType = unknown; explicitFileType = undefined; includeInIndex = 0; };
		39D202BF22994A56B0BBD908 /* NotoSansDevanagari_ExtraCondensed-Black.ttf */ = {isa = PBXFileReference; name = "NotoSansDevanagari_ExtraCondensed-Black.ttf"; path = "../src/assets/fonts/NotoSansDevanagari_ExtraCondensed-Black.ttf"; sourceTree = "<group>"; fileEncoding = undefined; lastKnownFileType = unknown; explicitFileType = undefined; includeInIndex = 0; };
		6027F3469C63470990A86A31 /* NotoSansDevanagari_ExtraCondensed-Bold.ttf */ = {isa = PBXFileReference; name = "NotoSansDevanagari_ExtraCondensed-Bold.ttf"; path = "../src/assets/fonts/NotoSansDevanagari_ExtraCondensed-Bold.ttf"; sourceTree = "<group>"; fileEncoding = undefined; lastKnownFileType = unknown; explicitFileType = undefined; includeInIndex = 0; };
		77A21A7D06C244BDB1BCCF16 /* NotoSansDevanagari_ExtraCondensed-ExtraBold.ttf */ = {isa = PBXFileReference; name = "NotoSansDevanagari_ExtraCondensed-ExtraBold.ttf"; path = "../src/assets/fonts/NotoSansDevanagari_ExtraCondensed-ExtraBold.ttf"; sourceTree = "<group>"; fileEncoding = undefined; lastKnownFileType = unknown; explicitFileType = undefined; includeInIndex = 0; };
		606B1569F0274F0EB87522F6 /* NotoSansDevanagari_ExtraCondensed-ExtraLight.ttf */ = {isa = PBXFileReference; name = "NotoSansDevanagari_ExtraCondensed-ExtraLight.ttf"; path = "../src/assets/fonts/NotoSansDevanagari_ExtraCondensed-ExtraLight.ttf"; sourceTree = "<group>"; fileEncoding = undefined; lastKnownFileType = unknown; explicitFileType = undefined; includeInIndex = 0; };
		C5AC90CD4B604AA6B7E6E976 /* NotoSansDevanagari_ExtraCondensed-Light.ttf */ = {isa = PBXFileReference; name = "NotoSansDevanagari_ExtraCondensed-Light.ttf"; path = "../src/assets/fonts/NotoSansDevanagari_ExtraCondensed-Light.ttf"; sourceTree = "<group>"; fileEncoding = undefined; lastKnownFileType = unknown; explicitFileType = undefined; includeInIndex = 0; };
		1F71CAD722344EF2A5BEEA4C /* NotoSansDevanagari_ExtraCondensed-Medium.ttf */ = {isa = PBXFileReference; name = "NotoSansDevanagari_ExtraCondensed-Medium.ttf"; path = "../src/assets/fonts/NotoSansDevanagari_ExtraCondensed-Medium.ttf"; sourceTree = "<group>"; fileEncoding = undefined; lastKnownFileType = unknown; explicitFileType = undefined; includeInIndex = 0; };
		B50F775C7796465497025275 /* NotoSansDevanagari_ExtraCondensed-Regular.ttf */ = {isa = PBXFileReference; name = "NotoSansDevanagari_ExtraCondensed-Regular.ttf"; path = "../src/assets/fonts/NotoSansDevanagari_ExtraCondensed-Regular.ttf"; sourceTree = "<group>"; fileEncoding = undefined; lastKnownFileType = unknown; explicitFileType = undefined; includeInIndex = 0; };
		383D8546970C465EB3BBF369 /* NotoSansDevanagari_ExtraCondensed-SemiBold.ttf */ = {isa = PBXFileReference; name = "NotoSansDevanagari_ExtraCondensed-SemiBold.ttf"; path = "../src/assets/fonts/NotoSansDevanagari_ExtraCondensed-SemiBold.ttf"; sourceTree = "<group>"; fileEncoding = undefined; lastKnownFileType = unknown; explicitFileType = undefined; includeInIndex = 0; };
		CB3A4897255A41589A797863 /* NotoSansDevanagari_ExtraCondensed-Thin.ttf */ = {isa = PBXFileReference; name = "NotoSansDevanagari_ExtraCondensed-Thin.ttf"; path = "../src/assets/fonts/NotoSansDevanagari_ExtraCondensed-Thin.ttf"; sourceTree = "<group>"; fileEncoding = undefined; lastKnownFileType = unknown; explicitFileType = undefined; includeInIndex = 0; };
		D7668D2BDADE438186863E1D /* NotoSansDevanagari_SemiCondensed-Black.ttf */ = {isa = PBXFileReference; name = "NotoSansDevanagari_SemiCondensed-Black.ttf"; path = "../src/assets/fonts/NotoSansDevanagari_SemiCondensed-Black.ttf"; sourceTree = "<group>"; fileEncoding = undefined; lastKnownFileType = unknown; explicitFileType = undefined; includeInIndex = 0; };
		9CDDD4B727DF431381471962 /* NotoSansDevanagari_SemiCondensed-Bold.ttf */ = {isa = PBXFileReference; name = "NotoSansDevanagari_SemiCondensed-Bold.ttf"; path = "../src/assets/fonts/NotoSansDevanagari_SemiCondensed-Bold.ttf"; sourceTree = "<group>"; fileEncoding = undefined; lastKnownFileType = unknown; explicitFileType = undefined; includeInIndex = 0; };
		53FF23061A4949FEBF2E3491 /* NotoSansDevanagari_SemiCondensed-ExtraBold.ttf */ = {isa = PBXFileReference; name = "NotoSansDevanagari_SemiCondensed-ExtraBold.ttf"; path = "../src/assets/fonts/NotoSansDevanagari_SemiCondensed-ExtraBold.ttf"; sourceTree = "<group>"; fileEncoding = undefined; lastKnownFileType = unknown; explicitFileType = undefined; includeInIndex = 0; };
		F7F707228AE141949A0EF688 /* NotoSansDevanagari_SemiCondensed-ExtraLight.ttf */ = {isa = PBXFileReference; name = "NotoSansDevanagari_SemiCondensed-ExtraLight.ttf"; path = "../src/assets/fonts/NotoSansDevanagari_SemiCondensed-ExtraLight.ttf"; sourceTree = "<group>"; fileEncoding = undefined; lastKnownFileType = unknown; explicitFileType = undefined; includeInIndex = 0; };
		993FD276DD834320A82EA61D /* NotoSansDevanagari_SemiCondensed-Light.ttf */ = {isa = PBXFileReference; name = "NotoSansDevanagari_SemiCondensed-Light.ttf"; path = "../src/assets/fonts/NotoSansDevanagari_SemiCondensed-Light.ttf"; sourceTree = "<group>"; fileEncoding = undefined; lastKnownFileType = unknown; explicitFileType = undefined; includeInIndex = 0; };
		41451594616846AE98C0A2F0 /* NotoSansDevanagari_SemiCondensed-Medium.ttf */ = {isa = PBXFileReference; name = "NotoSansDevanagari_SemiCondensed-Medium.ttf"; path = "../src/assets/fonts/NotoSansDevanagari_SemiCondensed-Medium.ttf"; sourceTree = "<group>"; fileEncoding = undefined; lastKnownFileType = unknown; explicitFileType = undefined; includeInIndex = 0; };
		207094DEEA014FA083677E19 /* NotoSansDevanagari_SemiCondensed-Regular.ttf */ = {isa = PBXFileReference; name = "NotoSansDevanagari_SemiCondensed-Regular.ttf"; path = "../src/assets/fonts/NotoSansDevanagari_SemiCondensed-Regular.ttf"; sourceTree = "<group>"; fileEncoding = undefined; lastKnownFileType = unknown; explicitFileType = undefined; includeInIndex = 0; };
		9C8DEE5E0AA043A79788F758 /* NotoSansDevanagari_SemiCondensed-SemiBold.ttf */ = {isa = PBXFileReference; name = "NotoSansDevanagari_SemiCondensed-SemiBold.ttf"; path = "../src/assets/fonts/NotoSansDevanagari_SemiCondensed-SemiBold.ttf"; sourceTree = "<group>"; fileEncoding = undefined; lastKnownFileType = unknown; explicitFileType = undefined; includeInIndex = 0; };
		9B0D2A56D18C4D1DB62F4E1D /* NotoSansDevanagari_SemiCondensed-Thin.ttf */ = {isa = PBXFileReference; name = "NotoSansDevanagari_SemiCondensed-Thin.ttf"; path = "../src/assets/fonts/NotoSansDevanagari_SemiCondensed-Thin.ttf"; sourceTree = "<group>"; fileEncoding = undefined; lastKnownFileType = unknown; explicitFileType = undefined; includeInIndex = 0; };
/* End PBXFileReference section */

/* Begin PBXFrameworksBuildPhase section */
		13B07F8C1A680F5B00A75B9A /* Frameworks */ = {
			isa = PBXFrameworksBuildPhase;
			buildActionMask = 2147483647;
			files = (
				0C80B921A6F3F58F76C31292 /* libPods-CCLCuriosity.a in Frameworks */,
			);
			runOnlyForDeploymentPostprocessing = 0;
		};
/* End PBXFrameworksBuildPhase section */

/* Begin PBXGroup section */
		13B07FAE1A68108700A75B9A /* CCLCuriosity */ = {
			isa = PBXGroup;
			children = (
				13B07FB51A68108700A75B9A /* Images.xcassets */,
				761780EC2CA45674006654EE /* AppDelegate.swift */,
				13B07FB61A68108700A75B9A /* Info.plist */,
				81AB9BB72411601600AC10FF /* LaunchScreen.storyboard */,
				13B07FB81A68108700A75B9A /* PrivacyInfo.xcprivacy */,
			);
			name = "CCLCuriosity";
			sourceTree = "<group>";
		};
		2D16E6871FA4F8E400B85C8A /* Frameworks */ = {
			isa = PBXGroup;
			children = (
				ED297162215061F000B7C4FE /* JavaScriptCore.framework */,
				5DCACB8F33CDC322A6C60F78 /* libPods-CCLCuriosity.a */,
			);
			name = Frameworks;
			sourceTree = "<group>";
		};
		832341AE1AAA6A7D00B99B32 /* Libraries */ = {
			isa = PBXGroup;
			children = (
			);
			name = Libraries;
			sourceTree = "<group>";
		};
		83CBB9F61A601CBA00E9B192 = {
			isa = PBXGroup;
			children = (
				13B07FAE1A68108700A75B9A /* CCLCuriosity */,
				832341AE1AAA6A7D00B99B32 /* Libraries */,
				83CBBA001A601CBA00E9B192 /* Products */,
				2D16E6871FA4F8E400B85C8A /* Frameworks */,
				BBD78D7AC51CEA395F1C20DB /* Pods */,
				053ACC4BA1AB4BB98A0D629C /* Resources */,
			);
			indentWidth = 2;
			sourceTree = "<group>";
			tabWidth = 2;
			usesTabs = 0;
		};
		83CBBA001A601CBA00E9B192 /* Products */ = {
			isa = PBXGroup;
			children = (
				13B07F961A680F5B00A75B9A /* CCLCuriosity.app */,
			);
			name = Products;
			sourceTree = "<group>";
		};
		BBD78D7AC51CEA395F1C20DB /* Pods */ = {
			isa = PBXGroup;
			children = (
				3B4392A12AC88292D35C810B /* Pods-CCLCuriosity.debug.xcconfig */,
				5709B34CF0A7D63546082F79 /* Pods-CCLCuriosity.release.xcconfig */,
			);
			path = Pods;
			sourceTree = "<group>";
		};
		053ACC4BA1AB4BB98A0D629C /* Resources */ = {
			isa = "PBXGroup";
			children = (
				A89CFE5B2B3249EB92467A45 /* Quicksand-Bold.ttf */,
				223A7B460F8E47F7B7E03504 /* Quicksand-Light.ttf */,
				0DC336296140486DBC5E9D45 /* Quicksand-Medium.ttf */,
				CB8F9F4E9CEC4E9D9A376431 /* Quicksand-Regular.ttf */,
				7B81FC900C6D4B09AA0E38D7 /* Quicksand-SemiBold.ttf */,
				DD296FBB99E54E2FA285C582 /* NotoSansDevanagari-Black.ttf */,
				3BEBCC80449247ECB53BE9CF /* NotoSansDevanagari-Bold.ttf */,
				D3366579879844F496A563F9 /* NotoSansDevanagari-ExtraBold.ttf */,
				0075A1EC6A384C1E9A7FEDBD /* NotoSansDevanagari-ExtraLight.ttf */,
				6B76507C0FB844C0A48CDDFA /* NotoSansDevanagari-Light.ttf */,
				2746387326344BB1ABC205C8 /* NotoSansDevanagari-Medium.ttf */,
				2E8AA78A5CF9461DB137E760 /* NotoSansDevanagari-Regular.ttf */,
				255DDD7B4E874206A25C64C3 /* NotoSansDevanagari-SemiBold.ttf */,
				7C05B018E37842A69E37FD37 /* NotoSansDevanagari-Thin.ttf */,
				828F28300F9E49C68EFA7844 /* NotoSansDevanagari_Condensed-Black.ttf */,
				4298F2301CF042798D69F6A5 /* NotoSansDevanagari_Condensed-Bold.ttf */,
				F17398A0A59C43BC9249D39E /* NotoSansDevanagari_Condensed-ExtraBold.ttf */,
				AA126136076A438BB18953FF /* NotoSansDevanagari_Condensed-ExtraLight.ttf */,
				BEA82DC47746424BB8654714 /* NotoSansDevanagari_Condensed-Light.ttf */,
				29D8576E071948639C22C5F7 /* NotoSansDevanagari_Condensed-Medium.ttf */,
				F20F6E7EFB624F38B14A721B /* NotoSansDevanagari_Condensed-Regular.ttf */,
				D826524DDE85448A95CF241D /* NotoSansDevanagari_Condensed-SemiBold.ttf */,
				DD7462BF5A224F65A4FC5094 /* NotoSansDevanagari_Condensed-Thin.ttf */,
				39D202BF22994A56B0BBD908 /* NotoSansDevanagari_ExtraCondensed-Black.ttf */,
				6027F3469C63470990A86A31 /* NotoSansDevanagari_ExtraCondensed-Bold.ttf */,
				77A21A7D06C244BDB1BCCF16 /* NotoSansDevanagari_ExtraCondensed-ExtraBold.ttf */,
				606B1569F0274F0EB87522F6 /* NotoSansDevanagari_ExtraCondensed-ExtraLight.ttf */,
				C5AC90CD4B604AA6B7E6E976 /* NotoSansDevanagari_ExtraCondensed-Light.ttf */,
				1F71CAD722344EF2A5BEEA4C /* NotoSansDevanagari_ExtraCondensed-Medium.ttf */,
				B50F775C7796465497025275 /* NotoSansDevanagari_ExtraCondensed-Regular.ttf */,
				383D8546970C465EB3BBF369 /* NotoSansDevanagari_ExtraCondensed-SemiBold.ttf */,
				CB3A4897255A41589A797863 /* NotoSansDevanagari_ExtraCondensed-Thin.ttf */,
				D7668D2BDADE438186863E1D /* NotoSansDevanagari_SemiCondensed-Black.ttf */,
				9CDDD4B727DF431381471962 /* NotoSansDevanagari_SemiCondensed-Bold.ttf */,
				53FF23061A4949FEBF2E3491 /* NotoSansDevanagari_SemiCondensed-ExtraBold.ttf */,
				F7F707228AE141949A0EF688 /* NotoSansDevanagari_SemiCondensed-ExtraLight.ttf */,
				993FD276DD834320A82EA61D /* NotoSansDevanagari_SemiCondensed-Light.ttf */,
				41451594616846AE98C0A2F0 /* NotoSansDevanagari_SemiCondensed-Medium.ttf */,
				207094DEEA014FA083677E19 /* NotoSansDevanagari_SemiCondensed-Regular.ttf */,
				9C8DEE5E0AA043A79788F758 /* NotoSansDevanagari_SemiCondensed-SemiBold.ttf */,
				9B0D2A56D18C4D1DB62F4E1D /* NotoSansDevanagari_SemiCondensed-Thin.ttf */,
			);
			name = Resources;
			sourceTree = "<group>";
			path = "";
		};
/* End PBXGroup section */

/* Begin PBXNativeTarget section */
		13B07F861A680F5B00A75B9A /* CCLCuriosity */ = {
			isa = PBXNativeTarget;
			buildConfigurationList = 13B07F931A680F5B00A75B9A /* Build configuration list for PBXNativeTarget "CCLCuriosity" */;
			buildPhases = (
				C38B50BA6285516D6DCD4F65 /* [CP] Check Pods Manifest.lock */,
				13B07F871A680F5B00A75B9A /* Sources */,
				13B07F8C1A680F5B00A75B9A /* Frameworks */,
				13B07F8E1A680F5B00A75B9A /* Resources */,
				00DD1BFF1BD5951E006B06BC /* Bundle React Native code and images */,
				00EEFC60759A1932668264C0 /* [CP] Embed Pods Frameworks */,
				E235C05ADACE081382539298 /* [CP] Copy Pods Resources */,
			);
			buildRules = (
			);
			dependencies = (
			);
			name = "CCLCuriosity";
			productName = "CCLCuriosity";
			productReference = 13B07F961A680F5B00A75B9A /* CCLCuriosity.app */;
			productType = "com.apple.product-type.application";
		};
/* End PBXNativeTarget section */

/* Begin PBXProject section */
		83CBB9F71A601CBA00E9B192 /* Project object */ = {
			isa = PBXProject;
			attributes = {
				LastUpgradeCheck = 1210;
				TargetAttributes = {
					13B07F861A680F5B00A75B9A = {
						LastSwiftMigration = 1120;
					};
				};
			};
			buildConfigurationList = 83CBB9FA1A601CBA00E9B192 /* Build configuration list for PBXProject "CCLCuriosity" */;
			compatibilityVersion = "Xcode 12.0";
			developmentRegion = en;
			hasScannedForEncodings = 0;
			knownRegions = (
				en,
				Base,
			);
			mainGroup = 83CBB9F61A601CBA00E9B192;
			productRefGroup = 83CBBA001A601CBA00E9B192 /* Products */;
			projectDirPath = "";
			projectRoot = "";
			targets = (
				13B07F861A680F5B00A75B9A /* CCLCuriosity */,
			);
		};
/* End PBXProject section */

/* Begin PBXResourcesBuildPhase section */
		13B07F8E1A680F5B00A75B9A /* Resources */ = {
			isa = PBXResourcesBuildPhase;
			buildActionMask = 2147483647;
			files = (
				81AB9BB82411601600AC10FF /* LaunchScreen.storyboard in Resources */,
				13B07FBF1A68108700A75B9A /* Images.xcassets in Resources */,
				8850D53C405F4F57B7D0100B /* Quicksand-Bold.ttf in Resources */,
				04922487733F41019BDEDD54 /* Quicksand-Light.ttf in Resources */,
				3FF47B51C3A043CE95FB81B7 /* Quicksand-Medium.ttf in Resources */,
				BC89DBBDA2FC48B980930856 /* Quicksand-Regular.ttf in Resources */,
				F52A2D02F1804728AC7CEF2D /* Quicksand-SemiBold.ttf in Resources */,
				BDD1DB0FB6804FF6B24CD022 /* NotoSansDevanagari-Black.ttf in Resources */,
				B1B58A8843A546F38EC8C43D /* NotoSansDevanagari-Bold.ttf in Resources */,
				400AC55A37AF4931A6A9102C /* NotoSansDevanagari-ExtraBold.ttf in Resources */,
				12E0D7BD91254089823F7477 /* NotoSansDevanagari-ExtraLight.ttf in Resources */,
				56F8890E28134EFB8D63520D /* NotoSansDevanagari-Light.ttf in Resources */,
				22441F103B104334BCB15992 /* NotoSansDevanagari-Medium.ttf in Resources */,
				F86379E65BDA498298965831 /* NotoSansDevanagari-Regular.ttf in Resources */,
				23B3002B402540E8B6134B0E /* NotoSansDevanagari-SemiBold.ttf in Resources */,
				1028EE18565F4D4BA4DC86E3 /* NotoSansDevanagari-Thin.ttf in Resources */,
				3D8EEB18FE764862B73461E0 /* NotoSansDevanagari_Condensed-Black.ttf in Resources */,
				2E03FE199C1A4EFB8D546C42 /* NotoSansDevanagari_Condensed-Bold.ttf in Resources */,
				FAB4EB16C82D422BA9148C03 /* NotoSansDevanagari_Condensed-ExtraBold.ttf in Resources */,
				C235495B814C4282905F9995 /* NotoSansDevanagari_Condensed-ExtraLight.ttf in Resources */,
				13EBBBA4B0E24F668B4EC62C /* NotoSansDevanagari_Condensed-Light.ttf in Resources */,
				75C3A10E346C4A909CD49BCE /* NotoSansDevanagari_Condensed-Medium.ttf in Resources */,
				83E92C650CEA4EBDBF649351 /* NotoSansDevanagari_Condensed-Regular.ttf in Resources */,
				804B2452C90B4176B5622740 /* NotoSansDevanagari_Condensed-SemiBold.ttf in Resources */,
				913CE553B6634462BADC055A /* NotoSansDevanagari_Condensed-Thin.ttf in Resources */,
				69C6EDAD8FF54408A1298CF3 /* NotoSansDevanagari_ExtraCondensed-Black.ttf in Resources */,
				FDCC8692AE504E5F8444390E /* NotoSansDevanagari_ExtraCondensed-Bold.ttf in Resources */,
				A54A5F1A5987432ABDB295E7 /* NotoSansDevanagari_ExtraCondensed-ExtraBold.ttf in Resources */,
				DC479FCEFFCB432F9EEDA8AF /* NotoSansDevanagari_ExtraCondensed-ExtraLight.ttf in Resources */,
				974FD8F389234BD69DC9BC32 /* NotoSansDevanagari_ExtraCondensed-Light.ttf in Resources */,
				A89D692D47684091A734BD88 /* NotoSansDevanagari_ExtraCondensed-Medium.ttf in Resources */,
				F91372428CC644739473CE2A /* NotoSansDevanagari_ExtraCondensed-Regular.ttf in Resources */,
				133541427B6341DCAC1BAFA1 /* NotoSansDevanagari_ExtraCondensed-SemiBold.ttf in Resources */,
				D45C73B74A804CB7A31D771C /* NotoSansDevanagari_ExtraCondensed-Thin.ttf in Resources */,
				D49D6FE1E9E54C62BCCCDA02 /* NotoSansDevanagari_SemiCondensed-Black.ttf in Resources */,
				2B977EA251F84C23A3CADD65 /* NotoSansDevanagari_SemiCondensed-Bold.ttf in Resources */,
				EA9189CE885841A2BABA23BB /* NotoSansDevanagari_SemiCondensed-ExtraBold.ttf in Resources */,
				A0EB315D5383405EBFA9A5A0 /* NotoSansDevanagari_SemiCondensed-ExtraLight.ttf in Resources */,
				C7609852343443F398824F2B /* NotoSansDevanagari_SemiCondensed-Light.ttf in Resources */,
				074EBC7BBFD0413BA72441DB /* NotoSansDevanagari_SemiCondensed-Medium.ttf in Resources */,
				A87C153566EF45B8996BC1C4 /* NotoSansDevanagari_SemiCondensed-Regular.ttf in Resources */,
				1F41ECCFE9C14674BF6AC8D7 /* NotoSansDevanagari_SemiCondensed-SemiBold.ttf in Resources */,
				365E998E8CA647D8AE567E0B /* NotoSansDevanagari_SemiCondensed-Thin.ttf in Resources */,
			);
			runOnlyForDeploymentPostprocessing = 0;
		};
/* End PBXResourcesBuildPhase section */

/* Begin PBXShellScriptBuildPhase section */
		00DD1BFF1BD5951E006B06BC /* Bundle React Native code and images */ = {
			isa = PBXShellScriptBuildPhase;
			buildActionMask = 2147483647;
			files = (
			);
			inputPaths = (
				"$(SRCROOT)/.xcode.env.local",
				"$(SRCROOT)/.xcode.env",
			);
			name = "Bundle React Native code and images";
			outputPaths = (
			);
			runOnlyForDeploymentPostprocessing = 0;
			shellPath = /bin/sh;
			shellScript = "set -e\n\nWITH_ENVIRONMENT=\"$REACT_NATIVE_PATH/scripts/xcode/with-environment.sh\"\nREACT_NATIVE_XCODE=\"$REACT_NATIVE_PATH/scripts/react-native-xcode.sh\"\n\n/bin/sh -c \"$WITH_ENVIRONMENT $REACT_NATIVE_XCODE\"\n";
		};
		00EEFC60759A1932668264C0 /* [CP] Embed Pods Frameworks */ = {
			isa = PBXShellScriptBuildPhase;
			buildActionMask = 2147483647;
			files = (
			);
			inputFileListPaths = (
				"${PODS_ROOT}/Target Support Files/Pods-CCLCuriosity/Pods-CCLCuriosity-frameworks-${CONFIGURATION}-input-files.xcfilelist",
			);
			name = "[CP] Embed Pods Frameworks";
			outputFileListPaths = (
				"${PODS_ROOT}/Target Support Files/Pods-CCLCuriosity/Pods-CCLCuriosity-frameworks-${CONFIGURATION}-output-files.xcfilelist",
			);
			runOnlyForDeploymentPostprocessing = 0;
			shellPath = /bin/sh;
			shellScript = "\"${PODS_ROOT}/Target Support Files/Pods-CCLCuriosity/Pods-CCLCuriosity-frameworks.sh\"\n";
			showEnvVarsInLog = 0;
		};
		C38B50BA6285516D6DCD4F65 /* [CP] Check Pods Manifest.lock */ = {
			isa = PBXShellScriptBuildPhase;
			buildActionMask = 2147483647;
			files = (
			);
			inputFileListPaths = (
			);
			inputPaths = (
				"${PODS_PODFILE_DIR_PATH}/Podfile.lock",
				"${PODS_ROOT}/Manifest.lock",
			);
			name = "[CP] Check Pods Manifest.lock";
			outputFileListPaths = (
			);
			outputPaths = (
				"$(DERIVED_FILE_DIR)/Pods-CCLCuriosity-checkManifestLockResult.txt",
			);
			runOnlyForDeploymentPostprocessing = 0;
			shellPath = /bin/sh;
			shellScript = "diff \"${PODS_PODFILE_DIR_PATH}/Podfile.lock\" \"${PODS_ROOT}/Manifest.lock\" > /dev/null\nif [ $? != 0 ] ; then\n    # print error to STDERR\n    echo \"error: The sandbox is not in sync with the Podfile.lock. Run 'pod install' or update your CocoaPods installation.\" >&2\n    exit 1\nfi\n# This output is used by Xcode 'outputs' to avoid re-running this script phase.\necho \"SUCCESS\" > \"${SCRIPT_OUTPUT_FILE_0}\"\n";
			showEnvVarsInLog = 0;
		};
		E235C05ADACE081382539298 /* [CP] Copy Pods Resources */ = {
			isa = PBXShellScriptBuildPhase;
			buildActionMask = 2147483647;
			files = (
			);
			inputFileListPaths = (
				"${PODS_ROOT}/Target Support Files/Pods-CCLCuriosity/Pods-CCLCuriosity-resources-${CONFIGURATION}-input-files.xcfilelist",
			);
			name = "[CP] Copy Pods Resources";
			outputFileListPaths = (
				"${PODS_ROOT}/Target Support Files/Pods-CCLCuriosity/Pods-CCLCuriosity-resources-${CONFIGURATION}-output-files.xcfilelist",
			);
			runOnlyForDeploymentPostprocessing = 0;
			shellPath = /bin/sh;
			shellScript = "\"${PODS_ROOT}/Target Support Files/Pods-CCLCuriosity/Pods-CCLCuriosity-resources.sh\"\n";
			showEnvVarsInLog = 0;
		};
/* End PBXShellScriptBuildPhase section */

/* Begin PBXSourcesBuildPhase section */
		13B07F871A680F5B00A75B9A /* Sources */ = {
			isa = PBXSourcesBuildPhase;
			buildActionMask = 2147483647;
			files = (
				761780ED2CA45674006654EE /* AppDelegate.swift in Sources */,
			);
			runOnlyForDeploymentPostprocessing = 0;
		};
/* End PBXSourcesBuildPhase section */

/* Begin XCBuildConfiguration section */
		13B07F941A680F5B00A75B9A /* Debug */ = {
			isa = XCBuildConfiguration;
			baseConfigurationReference = 3B4392A12AC88292D35C810B /* Pods-CCLCuriosity.debug.xcconfig */;
			buildSettings = {
				ASSETCATALOG_COMPILER_APPICON_NAME = AppIcon;
				CLANG_ENABLE_MODULES = YES;
				CURRENT_PROJECT_VERSION = 1;
				ENABLE_BITCODE = NO;
				INFOPLIST_FILE = "CCLCuriosity/Info.plist";
             INFOPLIST_KEY_CFBundleDisplayName = "CCLCuriosity";
				IPHONEOS_DEPLOYMENT_TARGET = 15.1;
				LD_RUNPATH_SEARCH_PATHS = (
					"$(inherited)",
					"@executable_path/Frameworks",
				);
				MARKETING_VERSION = 1.0;
				OTHER_LDFLAGS = (
					"$(inherited)",
					"-ObjC",
					"-lc++",
				);
				PRODUCT_BUNDLE_IDENTIFIER = "com.ccl.curiosity";
				PRODUCT_NAME = "CCLCuriosity";
				SWIFT_OPTIMIZATION_LEVEL = "-Onone";
				SWIFT_VERSION = 5.0;
				VERSIONING_SYSTEM = "apple-generic";
			};
			name = Debug;
		};
		13B07F951A680F5B00A75B9A /* Release */ = {
			isa = XCBuildConfiguration;
			baseConfigurationReference = 5709B34CF0A7D63546082F79 /* Pods-CCLCuriosity.release.xcconfig */;
			buildSettings = {
				ASSETCATALOG_COMPILER_APPICON_NAME = AppIcon;
				CLANG_ENABLE_MODULES = YES;
				CURRENT_PROJECT_VERSION = 1;
				INFOPLIST_FILE = "CCLCuriosity/Info.plist";
             INFOPLIST_KEY_CFBundleDisplayName = "CCLCuriosity";
				IPHONEOS_DEPLOYMENT_TARGET = 15.1;
				LD_RUNPATH_SEARCH_PATHS = (
					"$(inherited)",
					"@executable_path/Frameworks",
				);
				MARKETING_VERSION = 1.0;
				OTHER_LDFLAGS = (
					"$(inherited)",
					"-ObjC",
					"-lc++",
				);
				PRODUCT_BUNDLE_IDENTIFIER = "com.ccl.curiosity";
				PRODUCT_NAME = "CCLCuriosity";
				SWIFT_VERSION = 5.0;
				VERSIONING_SYSTEM = "apple-generic";
			};
			name = Release;
		};
		83CBBA201A601CBA00E9B192 /* Debug */ = {
			isa = XCBuildConfiguration;
			buildSettings = {
				ALWAYS_SEARCH_USER_PATHS = NO;
				CLANG_ANALYZER_LOCALIZABILITY_NONLOCALIZED = YES;
				CLANG_CXX_LANGUAGE_STANDARD = "c++20";
				CLANG_CXX_LIBRARY = "libc++";
				CLANG_ENABLE_MODULES = YES;
				CLANG_ENABLE_OBJC_ARC = YES;
				CLANG_WARN_BLOCK_CAPTURE_AUTORELEASING = YES;
				CLANG_WARN_BOOL_CONVERSION = YES;
				CLANG_WARN_COMMA = YES;
				CLANG_WARN_CONSTANT_CONVERSION = YES;
				CLANG_WARN_DEPRECATED_OBJC_IMPLEMENTATIONS = YES;
				CLANG_WARN_DIRECT_OBJC_ISA_USAGE = YES_ERROR;
				CLANG_WARN_EMPTY_BODY = YES;
				CLANG_WARN_ENUM_CONVERSION = YES;
				CLANG_WARN_INFINITE_RECURSION = YES;
				CLANG_WARN_INT_CONVERSION = YES;
				CLANG_WARN_NON_LITERAL_NULL_CONVERSION = YES;
				CLANG_WARN_OBJC_IMPLICIT_RETAIN_SELF = YES;
				CLANG_WARN_OBJC_LITERAL_CONVERSION = YES;
				CLANG_WARN_OBJC_ROOT_CLASS = YES_ERROR;
				CLANG_WARN_QUOTED_INCLUDE_IN_FRAMEWORK_HEADER = YES;
				CLANG_WARN_RANGE_LOOP_ANALYSIS = YES;
				CLANG_WARN_STRICT_PROTOTYPES = YES;
				CLANG_WARN_SUSPICIOUS_MOVE = YES;
				CLANG_WARN_UNREACHABLE_CODE = YES;
				CLANG_WARN__DUPLICATE_METHOD_MATCH = YES;
				"CODE_SIGN_IDENTITY[sdk=iphoneos*]" = "iPhone Developer";
				COPY_PHASE_STRIP = NO;
				ENABLE_STRICT_OBJC_MSGSEND = YES;
				ENABLE_TESTABILITY = YES;
				"EXCLUDED_ARCHS[sdk=iphonesimulator*]" = "";
				GCC_C_LANGUAGE_STANDARD = gnu99;
				GCC_DYNAMIC_NO_PIC = NO;
				GCC_NO_COMMON_BLOCKS = YES;
				GCC_OPTIMIZATION_LEVEL = 0;
				GCC_PREPROCESSOR_DEFINITIONS = (
					"DEBUG=1",
					"$(inherited)",
				);
				GCC_SYMBOLS_PRIVATE_EXTERN = NO;
				GCC_WARN_64_TO_32_BIT_CONVERSION = YES;
				GCC_WARN_ABOUT_RETURN_TYPE = YES_ERROR;
				GCC_WARN_UNDECLARED_SELECTOR = YES;
				GCC_WARN_UNINITIALIZED_AUTOS = YES_AGGRESSIVE;
				GCC_WARN_UNUSED_FUNCTION = YES;
				GCC_WARN_UNUSED_VARIABLE = YES;
				IPHONEOS_DEPLOYMENT_TARGET = 15.1;
				LD_RUNPATH_SEARCH_PATHS = (
					/usr/lib/swift,
					"$(inherited)",
				);
				LIBRARY_SEARCH_PATHS = (
					"\"$(SDKROOT)/usr/lib/swift\"",
					"\"$(TOOLCHAIN_DIR)/usr/lib/swift/$(PLATFORM_NAME)\"",
					"\"$(inherited)\"",
				);
				MTL_ENABLE_DEBUG_INFO = YES;
				ONLY_ACTIVE_ARCH = YES;
				OTHER_CPLUSPLUSFLAGS = (
					"$(OTHER_CFLAGS)",
					"-DFOLLY_NO_CONFIG",
					"-DFOLLY_MOBILE=1",
					"-DFOLLY_USE_LIBCPP=1",
					"-DFOLLY_CFG_NO_COROUTINES=1",
					"-DFOLLY_HAVE_CLOCK_GETTIME=1",
				);
				SDKROOT = iphoneos;
			};
			name = Debug;
		};
		83CBBA211A601CBA00E9B192 /* Release */ = {
			isa = XCBuildConfiguration;
			buildSettings = {
				ALWAYS_SEARCH_USER_PATHS = NO;
				CLANG_ANALYZER_LOCALIZABILITY_NONLOCALIZED = YES;
				CLANG_CXX_LANGUAGE_STANDARD = "c++20";
				CLANG_CXX_LIBRARY = "libc++";
				CLANG_ENABLE_MODULES = YES;
				CLANG_ENABLE_OBJC_ARC = YES;
				CLANG_WARN_BLOCK_CAPTURE_AUTORELEASING = YES;
				CLANG_WARN_BOOL_CONVERSION = YES;
				CLANG_WARN_COMMA = YES;
				CLANG_WARN_CONSTANT_CONVERSION = YES;
				CLANG_WARN_DEPRECATED_OBJC_IMPLEMENTATIONS = YES;
				CLANG_WARN_DIRECT_OBJC_ISA_USAGE = YES_ERROR;
				CLANG_WARN_EMPTY_BODY = YES;
				CLANG_WARN_ENUM_CONVERSION = YES;
				CLANG_WARN_INFINITE_RECURSION = YES;
				CLANG_WARN_INT_CONVERSION = YES;
				CLANG_WARN_NON_LITERAL_NULL_CONVERSION = YES;
				CLANG_WARN_OBJC_IMPLICIT_RETAIN_SELF = YES;
				CLANG_WARN_OBJC_LITERAL_CONVERSION = YES;
				CLANG_WARN_OBJC_ROOT_CLASS = YES_ERROR;
				CLANG_WARN_QUOTED_INCLUDE_IN_FRAMEWORK_HEADER = YES;
				CLANG_WARN_RANGE_LOOP_ANALYSIS = YES;
				CLANG_WARN_STRICT_PROTOTYPES = YES;
				CLANG_WARN_SUSPICIOUS_MOVE = YES;
				CLANG_WARN_UNREACHABLE_CODE = YES;
				CLANG_WARN__DUPLICATE_METHOD_MATCH = YES;
				"CODE_SIGN_IDENTITY[sdk=iphoneos*]" = "iPhone Developer";
				COPY_PHASE_STRIP = YES;
				ENABLE_NS_ASSERTIONS = NO;
				ENABLE_STRICT_OBJC_MSGSEND = YES;
				"EXCLUDED_ARCHS[sdk=iphonesimulator*]" = "";
				GCC_C_LANGUAGE_STANDARD = gnu99;
				GCC_NO_COMMON_BLOCKS = YES;
				GCC_WARN_64_TO_32_BIT_CONVERSION = YES;
				GCC_WARN_ABOUT_RETURN_TYPE = YES_ERROR;
				GCC_WARN_UNDECLARED_SELECTOR = YES;
				GCC_WARN_UNINITIALIZED_AUTOS = YES_AGGRESSIVE;
				GCC_WARN_UNUSED_FUNCTION = YES;
				GCC_WARN_UNUSED_VARIABLE = YES;
				IPHONEOS_DEPLOYMENT_TARGET = 15.1;
				LD_RUNPATH_SEARCH_PATHS = (
					/usr/lib/swift,
					"$(inherited)",
				);
				LIBRARY_SEARCH_PATHS = (
					"\"$(SDKROOT)/usr/lib/swift\"",
					"\"$(TOOLCHAIN_DIR)/usr/lib/swift/$(PLATFORM_NAME)\"",
					"\"$(inherited)\"",
				);
				MTL_ENABLE_DEBUG_INFO = NO;
				OTHER_CPLUSPLUSFLAGS = (
					"$(OTHER_CFLAGS)",
					"-DFOLLY_NO_CONFIG",
					"-DFOLLY_MOBILE=1",
					"-DFOLLY_USE_LIBCPP=1",
					"-DFOLLY_CFG_NO_COROUTINES=1",
					"-DFOLLY_HAVE_CLOCK_GETTIME=1",
				);
				SDKROOT = iphoneos;
				VALIDATE_PRODUCT = YES;
			};
			name = Release;
		};
/* End XCBuildConfiguration section */

/* Begin XCConfigurationList section */
		13B07F931A680F5B00A75B9A /* Build configuration list for PBXNativeTarget "CCLCuriosity" */ = {
			isa = XCConfigurationList;
			buildConfigurations = (
				13B07F941A680F5B00A75B9A /* Debug */,
				13B07F951A680F5B00A75B9A /* Release */,
			);
			defaultConfigurationIsVisible = 0;
			defaultConfigurationName = Release;
		};
		83CBB9FA1A601CBA00E9B192 /* Build configuration list for PBXProject "CCLCuriosity" */ = {
			isa = XCConfigurationList;
			buildConfigurations = (
				83CBBA201A601CBA00E9B192 /* Debug */,
				83CBBA211A601CBA00E9B192 /* Release */,
			);
			defaultConfigurationIsVisible = 0;
			defaultConfigurationName = Release;
		};
/* End XCConfigurationList section */
	};
	rootObject = 83CBB9F71A601CBA00E9B192 /* Project object */;
}
